# This file is autogenerated, do not edit; changes may be undone by the next 'dep ensure'.


[[projects]]
  branch = "master"
  digest = "1:36fe9527deed01d2a317617e59304eb2c4ce9f8a24115bcc5c2e37b3aee5bae4"
  name = "github.com/gin-contrib/sse"
  packages = ["."]
  pruneopts = "UT"
  revision = "22d885f9ecc78bf4ee5d72b937e4bbcdc58e8cae"

[[projects]]
  digest = "1:d5083934eb25e45d17f72ffa86cae3814f4a9d6c073c4f16b64147169b245606"
  name = "github.com/gin-gonic/gin"
  packages = [
    ".",
    "binding",
    "json",
    "render",
  ]
  pruneopts = "UT"
  revision = "b869fe1415e4b9eb52f247441830d502aece2d4d"
  version = "v1.3.0"

[[projects]]
  digest = "1:7c2fd446293ff7799cc496d3446e674ee67902d119f244de645caf95dff1bb98"
  name = "github.com/go-redis/redis"
  packages = [
    ".",
    "internal",
    "internal/consistenthash",
    "internal/hashtag",
    "internal/pool",
    "internal/proto",
    "internal/singleflight",
    "internal/util",
  ]
  pruneopts = "UT"
  revision = "f3bba01df2026fc865f7782948845db9cf44cf23"
  version = "v6.14.1"

[[projects]]
  digest = "1:6ba96a683441984156b05568b9d31dbc846d3336d21ac220fcc819a367dc1f65"
  name = "github.com/golang/protobuf"
  packages = ["proto"]
  pruneopts = "UT"
  revision = "5a0f697c9ed9d68fef0116532c6e05cfeae00e55"

[[projects]]
  branch = "master"
  digest = "1:4a0c6bb4805508a6287675fac876be2ac1182539ca8a32468d8128882e9d5009"
  name = "github.com/golang/snappy"
  packages = ["."]
  pruneopts = "UT"
  revision = "2e65f85255dbc3072edf28d6b5b8efc472979f5a"

[[projects]]
  digest = "1:0ade334594e69404d80d9d323445d2297ff8161637f9b2d347cc6973d2d6f05b"
  name = "github.com/hashicorp/errwrap"
  packages = ["."]
  pruneopts = "UT"
  revision = "8a6fb523712970c966eefc6b39ed2c5e74880354"
  version = "v1.0.0"

[[projects]]
  digest = "1:f47d6109c2034cb16bd62b220e18afd5aa9d5a1630fe5d937ad96a4fb7cbb277"
  name = "github.com/hashicorp/go-cleanhttp"
  packages = ["."]
  pruneopts = "UT"
  revision = "e8ab9daed8d1ddd2d3c4efba338fe2eeae2e4f18"
  version = "v0.5.0"

[[projects]]
  digest = "1:f668349b83f7d779567c880550534addeca7ebadfdcf44b0b9c39be61864b4b7"
  name = "github.com/hashicorp/go-multierror"
  packages = ["."]
  pruneopts = "UT"
  revision = "886a7fbe3eb1c874d46f623bfa70af45f425b3d1"
  version = "v1.0.0"

[[projects]]
  branch = "master"
  digest = "1:183f00c472fb9b2446659618eebf4899872fa267b92f926539411abdc8b941df"
  name = "github.com/hashicorp/go-retryablehttp"
  packages = ["."]
  pruneopts = "UT"
  revision = "e651d75abec6fbd4f2c09508f72ae7af8a8b7171"

[[projects]]
  branch = "master"
  digest = "1:45aad874d3c7d5e8610427c81870fb54970b981692930ec2a319ce4cb89d7a00"
  name = "github.com/hashicorp/go-rootcerts"
  packages = ["."]
  pruneopts = "UT"
  revision = "6bb64b370b90e7ef1fa532be9e591a81c3493e00"

[[projects]]
  branch = "master"
  digest = "1:14f2005c31ddf99c4a0f36fc440f8d1ac43224194c7c4a904b3c8f4ba5654d0b"
  name = "github.com/hashicorp/go-sockaddr"
  packages = ["."]
  pruneopts = "UT"
  revision = "6d291a969b86c4b633730bfc6b8b9d64c3aafed9"

[[projects]]
  digest = "1:ea40c24cdbacd054a6ae9de03e62c5f252479b96c716375aace5c120d68647c8"
  name = "github.com/hashicorp/hcl"
  packages = [
    ".",
    "hcl/ast",
    "hcl/parser",
    "hcl/scanner",
    "hcl/strconv",
    "hcl/token",
    "json/parser",
    "json/scanner",
    "json/token",
  ]
  pruneopts = "UT"
  revision = "8cb6e5b959231cc1119e43259c4a608f9c51a241"
  version = "v1.0.0"

[[projects]]
  digest = "1:dbef1dda9aa352f3e62bcaa87be4e33d5e1736416aec983a7868d219249e919d"
  name = "github.com/hashicorp/vault"
  packages = [
    "api",
    "helper/compressutil",
    "helper/consts",
    "helper/hclutil",
    "helper/jsonutil",
    "helper/parseutil",
    "helper/strutil",
  ]
  pruneopts = "UT"
  revision = "8575f8fedcf8f5a6eb2b4701cb527b99574b5286"
  version = "v0.11.1"

[[projects]]
  digest = "1:be97e109f627d3ba8edfef50c9c74f0d0c17cbe3a2e924a8985e4804a894f282"
  name = "github.com/json-iterator/go"
  packages = ["."]
  pruneopts = "UT"
  revision = "36b14963da70d11297d313183d7e6388c8510e1e"
  version = "1.0.0"

[[projects]]
  digest = "1:fa610f9fe6a93f4a75e64c83673dfff9bf1a34bbb21e6102021b6bc7850834a3"
  name = "github.com/mattn/go-isatty"
  packages = ["."]
  pruneopts = "UT"
  revision = "57fdcb988a5c543893cc61bce354a6e24ab70022"

[[projects]]
  digest = "1:78bbb1ba5b7c3f2ed0ea1eab57bdd3859aec7e177811563edc41198a760b06af"
  name = "github.com/mitchellh/go-homedir"
  packages = ["."]
  pruneopts = "UT"
  revision = "ae18d6b8b3205b561c79e8e5f69bff09736185f4"
  version = "v1.0.0"

[[projects]]
  digest = "1:645110e089152bd0f4a011a2648fbb0e4df5977be73ca605781157ac297f50c4"
  name = "github.com/mitchellh/mapstructure"
  packages = ["."]
  pruneopts = "UT"
  revision = "fa473d140ef3c6adf42d6b391fe76707f1f243c8"
  version = "v1.0.0"

[[projects]]
  digest = "1:0e792eea6c96ec55ff302ef33886acbaa5006e900fefe82689e88d96439dcd84"
  name = "github.com/ryanuber/go-glob"
  packages = ["."]
  pruneopts = "UT"
  revision = "572520ed46dbddaed19ea3d9541bdd0494163693"
  version = "v0.1"

[[projects]]
  digest = "1:c268acaa4a4d94a467980e5e91452eb61c460145765293dc0aed48e5e9919cc6"
  name = "github.com/ugorji/go"
  packages = ["codec"]
  pruneopts = "UT"
  revision = "c88ee250d0221a57af388746f5cf03768c21d6e2"

[[projects]]
  branch = "master"
  digest = "1:b41f13f4d5dbbd63abe9bf646575e4f83d2637ca243b97ea79b7807242518e8c"
  name = "golang.org/x/net"
  packages = [
    "context",
    "http/httpguts",
    "http2",
    "http2/hpack",
    "idna",
  ]
  pruneopts = "UT"
  revision = "4dfa2610cdf3b287375bbba5b8f2a14d3b01d8de"

[[projects]]
  branch = "master"
  digest = "1:d40e62a7b8e72fdc18e22ceddd3e6025e1d96f228b9a286abf3d3bd96d7d7a51"
  name = "golang.org/x/sys"
  packages = ["unix"]
  pruneopts = "UT"
  revision = "c2ed4eda69e7f62900806e4cd6e45f0429f859fa"

[[projects]]
  digest = "1:a2ab62866c75542dd18d2b069fec854577a20211d7c0ea6ae746072a1dccdd18"
  name = "golang.org/x/text"
  packages = [
    "collate",
    "collate/build",
    "internal/colltab",
    "internal/gen",
    "internal/tag",
    "internal/triegen",
    "internal/ucd",
    "language",
    "secure/bidirule",
    "transform",
    "unicode/bidi",
    "unicode/cldr",
    "unicode/norm",
    "unicode/rangetable",
  ]
  pruneopts = "UT"
  revision = "f21a4dfb5e38f5895301dc265a8def02365cc3d0"
  version = "v0.3.0"

[[projects]]
  branch = "master"
  digest = "1:c9e7a4b4d47c0ed205d257648b0e5b0440880cb728506e318f8ac7cd36270bc4"
  name = "golang.org/x/time"
  packages = ["rate"]
  pruneopts = "UT"
  revision = "fbb02b2291d28baffd63558aa44b4b56f178d650"

[[projects]]
  digest = "1:1b4724d3c8125f6044925f02b485b74bfec9905cbf579d95aafd1a6c8f8447d3"
  name = "gopkg.in/go-playground/validator.v8"
  packages = ["."]
  pruneopts = "UT"
  revision = "5f57d2222ad794d0dffb07e664ea05e2ee07d60c"
  version = "v8.18.1"

[[projects]]
  digest = "1:cacb98d52c60c337c2ce95a7af83ba0313a93ce5e73fa9e99a96aff70776b9d3"
  name = "gopkg.in/yaml.v2"
  packages = ["."]
  pruneopts = "UT"
  revision = "a5b47d31c556af34a302ce5d659e6fea44d90de0"

[solve-meta]
  analyzer-name = "dep"
  analyzer-version = 1
  input-imports = [
    "github.com/gin-gonic/gin",
    "github.com/gin-gonic/gin/binding",
    "github.com/go-redis/redis",
    "github.com/hashicorp/vault/api",
    "gopkg.in/yaml.v2",
  ]
  solver-name = "gps-cdcl"
  solver-version = 1
